{
  "name": "security-workflows-v2-lab",
  "version": "1.0.0",
  "lockfileVersion": 3,
  "requires": true,
  "packages": {
    "": {
      "name": "security-workflows-v2-lab",
      "version": "1.0.0",
      "private": true,
      "dependencies": {
        "axios": "0.21.0",
        "ejs": "3.1.6",
        "lodash": "4.17.15",
        "minimist": "1.2.0"
      }
    },
    "node_modules/axios": {
      "version": "0.21.0",
      "resolved": "https://registry.npmjs.org/axios/-/axios-0.21.0.tgz"
    },
    "node_modules/ejs": {
      "version": "3.1.6",
      "resolved": "https://registry.npmjs.org/ejs/-/ejs-3.1.6.tgz"
    },
    "node_modules/lodash": {
      "version": "4.17.15",
      "resolved": "https://registry.npmjs.org/lodash/-/lodash-4.17.15.tgz"
    },
    "node_modules/minimist": {
      "version": "1.2.0",
      "resolved": "https://registry.npmjs.org/minimist/-/minimist-1.2.0.tgz"
    }
  }
}
